%{"erlsom": {:git, "git://github.com/willemdj/erlsom.git", "5dba7819ef99ba84eeb43c946dbe7f16792e6086", []},
  "hackney": {:hex, :hackney, "1.0.6"},
  "httpoison": {:hex, :httpoison, "0.6.2"},
  "idna": {:hex, :idna, "1.0.2"},
  "ssl_verify_hostname": {:hex, :ssl_verify_hostname, "1.0.1"},
  "uuid": {:hex, :uuid, "0.1.5"}}
